
Microsoft Visual Studio Solution File, Format Version 12.00
# Visual Studio Version 17
VisualStudioVersion = 17.14.36623.8 d17.14
MinimumVisualStudioVersion = 10.0.40219.1
Project("{FAE04EC0-301F-11D3-BF4B-00C04F79EFBC}") = "ConsoleMongoDB", "ConsoleMongoDB\ConsoleMongoDB.csproj", "{1B18FF3F-151E-400A-A2FD-258CB9B00341}"
EndProject
Global
	GlobalSection(SolutionConfigurationPlatforms) = preSolution
		Debug|Any CPU = Debug|Any CPU
		Release|Any CPU = Release|Any CPU
	EndGlobalSection
	GlobalSection(ProjectConfigurationPlatforms) = postSolution
		{1B18FF3F-151E-400A-A2FD-258CB9B00341}.Debug|Any CPU.ActiveCfg = Debug|Any CPU
		{1B18FF3F-151E-400A-A2FD-258CB9B00341}.Debug|Any CPU.Build.0 = Debug|Any CPU
		{1B18FF3F-151E-400A-A2FD-258CB9B00341}.Release|Any CPU.ActiveCfg = Release|Any CPU
		{1B18FF3F-151E-400A-A2FD-258CB9B00341}.Release|Any CPU.Build.0 = Release|Any CPU
	EndGlobalSection
	GlobalSection(SolutionProperties) = preSolution
		HideSolutionNode = FALSE
	EndGlobalSection
	GlobalSection(ExtensibilityGlobals) = postSolution
		SolutionGuid = {D1BC0256-33CE-47A6-91BE-10DF105EBC74}
	EndGlobalSection
EndGlobal
